// !$*UTF8*$!
{
	archiveVersion = 1;
	classes = {
	};
	objectVersion = 46;
	objects = {

/* Begin PBXBuildFile section */
		AF6055EE178F335A00FC8BA7 /* UIKit.framework in Frameworks */ = {isa = PBXBuildFile; fileRef = AF6055ED178F335A00FC8BA7 /* UIKit.framework */; };
		AF6055F0178F335A00FC8BA7 /* Foundation.framework in Frameworks */ = {isa = PBXBuildFile; fileRef = AF6055EF178F335A00FC8BA7 /* Foundation.framework */; };
		AF6055F2178F335A00FC8BA7 /* CoreGraphics.framework in Frameworks */ = {isa = PBXBuildFile; fileRef = AF6055F1178F335A00FC8BA7 /* CoreGraphics.framework */; };
		AF6055F8178F335A00FC8BA7 /* InfoPlist.strings in Resources */ = {isa = PBXBuildFile; fileRef = AF6055F6178F335A00FC8BA7 /* InfoPlist.strings */; };
		AF6055FA178F335B00FC8BA7 /* main.m in Sources */ = {isa = PBXBuildFile; fileRef = AF6055F9178F335B00FC8BA7 /* main.m */; };
		AF6055FE178F335B00FC8BA7 /* AppDelegate.m in Sources */ = {isa = PBXBuildFile; fileRef = AF6055FD178F335B00FC8BA7 /* AppDelegate.m */; };
		AF605600178F335B00FC8BA7 /* Default.png in Resources */ = {isa = PBXBuildFile; fileRef = AF6055FF178F335B00FC8BA7 /* Default.png */; };
		AF605602178F335B00FC8BA7 /* Default@2x.png in Resources */ = {isa = PBXBuildFile; fileRef = AF605601178F335B00FC8BA7 /* Default@2x.png */; };
		AF605604178F335B00FC8BA7 /* Default-568h@2x.png in Resources */ = {isa = PBXBuildFile; fileRef = AF605603178F335B00FC8BA7 /* Default-568h@2x.png */; };
		AF605607178F335B00FC8BA7 /* MainStoryboard.storyboard in Resources */ = {isa = PBXBuildFile; fileRef = AF605605178F335B00FC8BA7 /* MainStoryboard.storyboard */; };
		AF60560A178F335B00FC8BA7 /* ViewController.m in Sources */ = {isa = PBXBuildFile; fileRef = AF605609178F335B00FC8BA7 /* ViewController.m */; };
/* End PBXBuildFile section */

/* Begin PBXFileReference section */
		AF6055EA178F335A00FC8BA7 /* MyTimer.app */ = {isa = PBXFileReference; explicitFileType = wrapper.application; includeInIndex = 0; path = MyTimer.app; sourceTree = BUILT_PRODUCTS_DIR; };
		AF6055ED178F335A00FC8BA7 /* UIKit.framework */ = {isa = PBXFileReference; lastKnownFileType = wrapper.framework; name = UIKit.framework; path = System/Library/Frameworks/UIKit.framework; sourceTree = SDKROOT; };
		AF6055EF178F335A00FC8BA7 /* Foundation.framework */ = {isa = PBXFileReference; lastKnownFileType = wrapper.framework; name = Foundation.framework; path = System/Library/Frameworks/Foundation.framework; sourceTree = SDKROOT; };
		AF6055F1178F335A00FC8BA7 /* CoreGraphics.framework */ = {isa = PBXFileReference; lastKnownFileType = wrapper.framework; name = CoreGraphics.framework; path = System/Library/Frameworks/CoreGraphics.framework; sourceTree = SDKROOT; };
		AF6055F5178F335A00FC8BA7 /* MyTimer-Info.plist */ = {isa = PBXFileReference; lastKnownFileType = text.plist.xml; path = "MyTimer-Info.plist"; sourceTree = "<group>"; };
		AF6055F7178F335A00FC8BA7 /* en */ = {isa = PBXFileReference; lastKnownFileType = text.plist.strings; name = en; path = en.lproj/InfoPlist.strings; sourceTree = "<group>"; };
		AF6055F9178F335B00FC8BA7 /* main.m */ = {isa = PBXFileReference; lastKnownFileType = sourcecode.c.objc; path = main.m; sourceTree = "<group>"; };
		AF6055FB178F335B00FC8BA7 /* MyTimer-Prefix.pch */ = {isa = PBXFileReference; lastKnownFileType = sourcecode.c.h; path = "MyTimer-Prefix.pch"; sourceTree = "<group>"; };
		AF6055FC178F335B00FC8BA7 /* AppDelegate.h */ = {isa = PBXFileReference; lastKnownFileType = sourcecode.c.h; path = AppDelegate.h; sourceTree = "<group>"; };
		AF6055FD178F335B00FC8BA7 /* AppDelegate.m */ = {isa = PBXFileReference; lastKnownFileType = sourcecode.c.objc; path = AppDelegate.m; sourceTree = "<group>"; };
		AF6055FF178F335B00FC8BA7 /* Default.png */ = {isa = PBXFileReference; lastKnownFileType = image.png; path = Default.png; sourceTree = "<group>"; };
		AF605601178F335B00FC8BA7 /* Default@2x.png */ = {isa = PBXFileReference; lastKnownFileType = image.png; path = "Default@2x.png"; sourceTree = "<group>"; };
		AF605603178F335B00FC8BA7 /* Default-568h@2x.png */ = {isa = PBXFileReference; lastKnownFileType = image.png; path = "Default-568h@2x.png"; sourceTree = "<group>"; };
		AF605606178F335B00FC8BA7 /* en */ = {isa = PBXFileReference; lastKnownFileType = file.storyboard; name = en; path = en.lproj/MainStoryboard.storyboard; sourceTree = "<group>"; };
		AF605608178F335B00FC8BA7 /* ViewController.h */ = {isa = PBXFileReference; lastKnownFileType = sourcecode.c.h; path = ViewController.h; sourceTree = "<group>"; };
		AF605609178F335B00FC8BA7 /* ViewController.m */ = {isa = PBXFileReference; lastKnownFileType = sourcecode.c.objc; path = ViewController.m; sourceTree = "<group>"; };
/* End PBXFileReference section */

/* Begin PBXFrameworksBuildPhase section */
		AF6055E7178F335A00FC8BA7 /* Frameworks */ = {
			isa = PBXFrameworksBuildPhase;
			buildActionMask = 2147483647;
			files = (
				AF6055EE178F335A00FC8BA7 /* UIKit.framework in Frameworks */,
				AF6055F0178F335A00FC8BA7 /* Foundation.framework in Frameworks */,
				AF6055F2178F335A00FC8BA7 /* CoreGraphics.framework in Frameworks */,
			);
			runOnlyForDeploymentPostprocessing = 0;
		};
/* End PBXFrameworksBuildPhase section */

/* Begin PBXGroup section */
		AF6055E1178F335A00FC8BA7 = {
			isa = PBXGroup;
			children = (
				AF6055F3178F335A00FC8BA7 /* MyTimer */,
				AF6055EC178F335A00FC8BA7 /* Frameworks */,
				AF6055EB178F335A00FC8BA7 /* Products */,
			);
			sourceTree = "<group>";
		};
		AF6055EB178F335A00FC8BA7 /* Products */ = {
			isa = PBXGroup;
			children = (
				AF6055EA178F335A00FC8BA7 /* MyTimer.app */,
			);
			name = Products;
			sourceTree = "<group>";
		};
		AF6055EC178F335A00FC8BA7 /* Frameworks */ = {
			isa = PBXGroup;
			children = (
				AF6055ED178F335A00FC8BA7 /* UIKit.framework */,
				AF6055EF178F335A00FC8BA7 /* Foundation.framework */,
				AF6055F1178F335A00FC8BA7 /* CoreGraphics.framework */,
			);
			name = Frameworks;
			sourceTree = "<group>";
		};
		AF6055F3178F335A00FC8BA7 /* MyTimer */ = {
			isa = PBXGroup;
			children = (
				AF6055FC178F335B00FC8BA7 /* AppDelegate.h */,
				AF6055FD178F335B00FC8BA7 /* AppDelegate.m */,
				AF605605178F335B00FC8BA7 /* MainStoryboard.storyboard */,
				AF605608178F335B00FC8BA7 /* ViewController.h */,
				AF605609178F335B00FC8BA7 /* ViewController.m */,
				AF6055F4178F335A00FC8BA7 /* Supporting Files */,
			);
			path = MyTimer;
			sourceTree = "<group>";
		};
		AF6055F4178F335A00FC8BA7 /* Supporting Files */ = {
			isa = PBXGroup;
			children = (
				AF6055F5178F335A00FC8BA7 /* MyTimer-Info.plist */,
				AF6055F6178F335A00FC8BA7 /* InfoPlist.strings */,
				AF6055F9178F335B00FC8BA7 /* main.m */,
				AF6055FB178F335B00FC8BA7 /* MyTimer-Prefix.pch */,
				AF6055FF178F335B00FC8BA7 /* Default.png */,
				AF605601178F335B00FC8BA7 /* Default@2x.png */,
				AF605603178F335B00FC8BA7 /* Default-568h@2x.png */,
			);
			name = "Supporting Files";
			sourceTree = "<group>";
		};
/* End PBXGroup section */

/* Begin PBXNativeTarget section */
		AF6055E9178F335A00FC8BA7 /* MyTimer */ = {
			isa = PBXNativeTarget;
			buildConfigurationList = AF60560D178F335B00FC8BA7 /* Build configuration list for PBXNativeTarget "MyTimer" */;
			buildPhases = (
				AF6055E6178F335A00FC8BA7 /* Sources */,
				AF6055E7178F335A00FC8BA7 /* Frameworks */,
				AF6055E8178F335A00FC8BA7 /* Resources */,
			);
			buildRules = (
			);
			dependencies = (
			);
			name = MyTimer;
			productName = MyTimer;
			productReference = AF6055EA178F335A00FC8BA7 /* MyTimer.app */;
			productType = "com.apple.product-type.application";
		};
/* End PBXNativeTarget section */

/* Begin PBXProject section */
		AF6055E2178F335A00FC8BA7 /* Project object */ = {
			isa = PBXProject;
			attributes = {
				LastUpgradeCheck = 0460;
				ORGANIZATIONNAME = "Gabriel Moraes";
			};
			buildConfigurationList = AF6055E5178F335A00FC8BA7 /* Build configuration list for PBXProject "MyTimer" */;
			compatibilityVersion = "Xcode 3.2";
			developmentRegion = English;
			hasScannedForEncodings = 0;
			knownRegions = (
				en,
			);
			mainGroup = AF6055E1178F335A00FC8BA7;
			productRefGroup = AF6055EB178F335A00FC8BA7 /* Products */;
			projectDirPath = "";
			projectRoot = "";
			targets = (
				AF6055E9178F335A00FC8BA7 /* MyTimer */,
			);
		};
/* End PBXProject section */

/* Begin PBXResourcesBuildPhase section */
		AF6055E8178F335A00FC8BA7 /* Resources */ = {
			isa = PBXResourcesBuildPhase;
			buildActionMask = 2147483647;
			files = (
				AF6055F8178F335A00FC8BA7 /* InfoPlist.strings in Resources */,
				AF605600178F335B00FC8BA7 /* Default.png in Resources */,
				AF605602178F335B00FC8BA7 /* Default@2x.png in Resources */,
				AF605604178F335B00FC8BA7 /* Default-568h@2x.png in Resources */,
				AF605607178F335B00FC8BA7 /* MainStoryboard.storyboard in Resources */,
			);
			runOnlyForDeploymentPostprocessing = 0;
		};
/* End PBXResourcesBuildPhase section */

/* Begin PBXSourcesBuildPhase section */
		AF6055E6178F335A00FC8BA7 /* Sources */ = {
			isa = PBXSourcesBuildPhase;
			buildActionMask = 2147483647;
			files = (
				AF6055FA178F335B00FC8BA7 /* main.m in Sources */,
				AF6055FE178F335B00FC8BA7 /* AppDelegate.m in Sources */,
				AF60560A178F335B00FC8BA7 /* ViewController.m in Sources */,
			);
			runOnlyForDeploymentPostprocessing = 0;
		};
/* End PBXSourcesBuildPhase section */

/* Begin PBXVariantGroup section */
		AF6055F6178F335A00FC8BA7 /* InfoPlist.strings */ = {
			isa = PBXVariantGroup;
			children = (
				AF6055F7178F335A00FC8BA7 /* en */,
			);
			name = InfoPlist.strings;
			sourceTree = "<group>";
		};
		AF605605178F335B00FC8BA7 /* MainStoryboard.storyboard */ = {
			isa = PBXVariantGroup;
			children = (
				AF605606178F335B00FC8BA7 /* en */,
			);
			name = MainStoryboard.storyboard;
			sourceTree = "<group>";
		};
/* End PBXVariantGroup section */

/* Begin XCBuildConfiguration section */
		AF60560B178F335B00FC8BA7 /* Debug */ = {
			isa = XCBuildConfiguration;
			buildSettings = {
				ALWAYS_SEARCH_USER_PATHS = NO;
				CLANG_CXX_LANGUAGE_STANDARD = "gnu++0x";
				CLANG_CXX_LIBRARY = "libc++";
				CLANG_WARN_CONSTANT_CONVERSION = YES;
				CLANG_WARN_EMPTY_BODY = YES;
				CLANG_WARN_ENUM_CONVERSION = YES;
				CLANG_WARN_INT_CONVERSION = YES;
				CLANG_WARN__DUPLICATE_METHOD_MATCH = YES;
				"CODE_SIGN_IDENTITY[sdk=iphoneos*]" = "iPhone Developer";
				COPY_PHASE_STRIP = NO;
				GCC_C_LANGUAGE_STANDARD = gnu99;
				GCC_DYNAMIC_NO_PIC = NO;
				GCC_OPTIMIZATION_LEVEL = 0;
				GCC_PREPROCESSOR_DEFINITIONS = (
					"DEBUG=1",
					"$(inherited)",
				);
				GCC_SYMBOLS_PRIVATE_EXTERN = NO;
				GCC_WARN_ABOUT_RETURN_TYPE = YES;
				GCC_WARN_UNINITIALIZED_AUTOS = YES;
				GCC_WARN_UNUSED_VARIABLE = YES;
				IPHONEOS_DEPLOYMENT_TARGET = 6.1;
				ONLY_ACTIVE_ARCH = YES;
				SDKROOT = iphoneos;
			};
			name = Debug;
		};
		AF60560C178F335B00FC8BA7 /* Release */ = {
			isa = XCBuildConfiguration;
			buildSettings = {
				ALWAYS_SEARCH_USER_PATHS = NO;
				CLANG_CXX_LANGUAGE_STANDARD = "gnu++0x";
				CLANG_CXX_LIBRARY = "libc++";
				CLANG_WARN_CONSTANT_CONVERSION = YES;
				CLANG_WARN_EMPTY_BODY = YES;
				CLANG_WARN_ENUM_CONVERSION = YES;
				CLANG_WARN_INT_CONVERSION = YES;
				CLANG_WARN__DUPLICATE_METHOD_MATCH = YES;
				"CODE_SIGN_IDENTITY[sdk=iphoneos*]" = "iPhone Developer";
				COPY_PHASE_STRIP = YES;
				GCC_C_LANGUAGE_STANDARD = gnu99;
				GCC_WARN_ABOUT_RETURN_TYPE = YES;
				GCC_WARN_UNINITIALIZED_AUTOS = YES;
				GCC_WARN_UNUSED_VARIABLE = YES;
				IPHONEOS_DEPLOYMENT_TARGET = 6.1;
				OTHER_CFLAGS = "-DNS_BLOCK_ASSERTIONS=1";
				SDKROOT = iphoneos;
				VALIDATE_PRODUCT = YES;
			};
			name = Release;
		};
		AF60560E178F335B00FC8BA7 /* Debug */ = {
			isa = XCBuildConfiguration;
			buildSettings = {
				GCC_PRECOMPILE_PREFIX_HEADER = YES;
				GCC_PREFIX_HEADER = "MyTimer/MyTimer-Prefix.pch";
				INFOPLIST_FILE = "MyTimer/MyTimer-Info.plist";
				PRODUCT_NAME = "$(TARGET_NAME)";
				WRAPPER_EXTENSION = app;
			};
			name = Debug;
		};
		AF60560F178F335B00FC8BA7 /* Release */ = {
			isa = XCBuildConfiguration;
			buildSettings = {
				GCC_PRECOMPILE_PREFIX_HEADER = YES;
				GCC_PREFIX_HEADER = "MyTimer/MyTimer-Prefix.pch";
				INFOPLIST_FILE = "MyTimer/MyTimer-Info.plist";
				PRODUCT_NAME = "$(TARGET_NAME)";
				WRAPPER_EXTENSION = app;
			};
			name = Release;
		};
/* End XCBuildConfiguration section */

/* Begin XCConfigurationList section */
		AF6055E5178F335A00FC8BA7 /* Build configuration list for PBXProject "MyTimer" */ = {
			isa = XCConfigurationList;
			buildConfigurations = (
				AF60560B178F335B00FC8BA7 /* Debug */,
				AF60560C178F335B00FC8BA7 /* Release */,
			);
			defaultConfigurationIsVisible = 0;
			defaultConfigurationName = Release;
		};
		AF60560D178F335B00FC8BA7 /* Build configuration list for PBXNativeTarget "MyTimer" */ = {
			isa = XCConfigurationList;
			buildConfigurations = (
				AF60560E178F335B00FC8BA7 /* Debug */,
				AF60560F178F335B00FC8BA7 /* Release */,
			);
			defaultConfigurationIsVisible = 0;
		};
/* End XCConfigurationList section */
	};
	rootObject = AF6055E2178F335A00FC8BA7 /* Project object */;
}
