// !$*UTF8*$!
{
	archiveVersion = 1;
	classes = {
	};
	objectVersion = 46;
	objects = {

/* Begin PBXBuildFile section */
		AF033E0617B94F8C00F26D43 /* mt-clock.png in Resources */ = {isa = PBXBuildFile; fileRef = AF033E0517B94F8C00F26D43 /* mt-clock.png */; };
		AF033E4517B950D000F26D43 /* UIImage+Alpha.m in Sources */ = {isa = PBXBuildFile; fileRef = AF033E1E17B950D000F26D43 /* UIImage+Alpha.m */; };
		AF033E4617B950D000F26D43 /* UIImage+Resize.m in Sources */ = {isa = PBXBuildFile; fileRef = AF033E2017B950D000F26D43 /* UIImage+Resize.m */; };
		AF033E4717B950D000F26D43 /* UIImage+RoundedCorner.m in Sources */ = {isa = PBXBuildFile; fileRef = AF033E2217B950D000F26D43 /* UIImage+RoundedCorner.m */; };
		AF033E4817B950D000F26D43 /* JKCallbacksTableViewCell.m in Sources */ = {isa = PBXBuildFile; fileRef = AF033E2417B950D000F26D43 /* JKCallbacksTableViewCell.m */; };
		AF033E4917B950D000F26D43 /* KeyboardToolbar.m in Sources */ = {isa = PBXBuildFile; fileRef = AF033E2717B950D000F26D43 /* KeyboardToolbar.m */; };
		AF033E4A17B950D000F26D43 /* CustomActivityIndicatorView.m in Sources */ = {isa = PBXBuildFile; fileRef = AF033E2A17B950D000F26D43 /* CustomActivityIndicatorView.m */; };
		AF033E4B17B950D000F26D43 /* HZActivityIndicatorView.m in Sources */ = {isa = PBXBuildFile; fileRef = AF033E2C17B950D000F26D43 /* HZActivityIndicatorView.m */; };
		AF033E4C17B950D000F26D43 /* ECSlidingViewController.m in Sources */ = {isa = PBXBuildFile; fileRef = AF033E2F17B950D000F26D43 /* ECSlidingViewController.m */; };
		AF033E4D17B950D000F26D43 /* InitialSlidingViewController.m in Sources */ = {isa = PBXBuildFile; fileRef = AF033E3117B950D000F26D43 /* InitialSlidingViewController.m */; };
		AF033E4E17B950D000F26D43 /* UIImage+ImageWithUIView.m in Sources */ = {isa = PBXBuildFile; fileRef = AF033E3317B950D000F26D43 /* UIImage+ImageWithUIView.m */; };
		AF033E4F17B950D000F26D43 /* PopUp.m in Sources */ = {isa = PBXBuildFile; fileRef = AF033E3617B950D000F26D43 /* PopUp.m */; };
		AF033E5017B950D000F26D43 /* AccessorizedCalloutMapAnnotationView.m in Sources */ = {isa = PBXBuildFile; fileRef = AF033E3917B950D000F26D43 /* AccessorizedCalloutMapAnnotationView.m */; };
		AF033E5117B950D000F26D43 /* Annotation.m in Sources */ = {isa = PBXBuildFile; fileRef = AF033E3B17B950D000F26D43 /* Annotation.m */; };
		AF033E5217B950D000F26D43 /* AnnotationView.m in Sources */ = {isa = PBXBuildFile; fileRef = AF033E3D17B950D000F26D43 /* AnnotationView.m */; };
		AF033E5817B952A600F26D43 /* MapKit.framework in Frameworks */ = {isa = PBXBuildFile; fileRef = AF033E5717B952A500F26D43 /* MapKit.framework */; };
		AF033E5C17B954F300F26D43 /* mt-logo.png in Resources */ = {isa = PBXBuildFile; fileRef = AF033E5B17B954F300F26D43 /* mt-logo.png */; };
		AF033E5F17B960E600F26D43 /* AgendamentoViewController.m in Sources */ = {isa = PBXBuildFile; fileRef = AF033E5E17B960E500F26D43 /* AgendamentoViewController.m */; };
		AF033E6417B9631D00F26D43 /* ISO8601DateFormatter.m in Sources */ = {isa = PBXBuildFile; fileRef = AF033E6117B9631A00F26D43 /* ISO8601DateFormatter.m */; };
		AF033E6517B9631D00F26D43 /* JSONKit.m in Sources */ = {isa = PBXBuildFile; fileRef = AF033E6317B9631C00F26D43 /* JSONKit.m */; };
		AF033E6817B963E700F26D43 /* Icon.png in Resources */ = {isa = PBXBuildFile; fileRef = AF033E6617B963E600F26D43 /* Icon.png */; };
		AF033E6917B963E700F26D43 /* Icon@2x.png in Resources */ = {isa = PBXBuildFile; fileRef = AF033E6717B963E700F26D43 /* Icon@2x.png */; };
		AF033E8317B9858C00F26D43 /* ASIAuthenticationDialog.m in Sources */ = {isa = PBXBuildFile; fileRef = AF033E6E17B9858C00F26D43 /* ASIAuthenticationDialog.m */; };
		AF033E8417B9858C00F26D43 /* ASIDataCompressor.m in Sources */ = {isa = PBXBuildFile; fileRef = AF033E7117B9858C00F26D43 /* ASIDataCompressor.m */; };
		AF033E8517B9858C00F26D43 /* ASIDataDecompressor.m in Sources */ = {isa = PBXBuildFile; fileRef = AF033E7317B9858C00F26D43 /* ASIDataDecompressor.m */; };
		AF033E8617B9858C00F26D43 /* ASIDownloadCache.m in Sources */ = {isa = PBXBuildFile; fileRef = AF033E7517B9858C00F26D43 /* ASIDownloadCache.m */; };
		AF033E8717B9858C00F26D43 /* ASIFormDataRequest.m in Sources */ = {isa = PBXBuildFile; fileRef = AF033E7717B9858C00F26D43 /* ASIFormDataRequest.m */; };
		AF033E8817B9858C00F26D43 /* ASIHTTPRequest.m in Sources */ = {isa = PBXBuildFile; fileRef = AF033E7917B9858C00F26D43 /* ASIHTTPRequest.m */; };
		AF033E8917B9858C00F26D43 /* ASIInputStream.m in Sources */ = {isa = PBXBuildFile; fileRef = AF033E7D17B9858C00F26D43 /* ASIInputStream.m */; };
		AF033E8A17B9858C00F26D43 /* ASINetworkQueue.m in Sources */ = {isa = PBXBuildFile; fileRef = AF033E7F17B9858C00F26D43 /* ASINetworkQueue.m */; };
		AF033E8B17B9858C00F26D43 /* Reachability.m in Sources */ = {isa = PBXBuildFile; fileRef = AF033E8217B9858C00F26D43 /* Reachability.m */; };
		AF033E8D17B9882300F26D43 /* MobileCoreServices.framework in Frameworks */ = {isa = PBXBuildFile; fileRef = AF033E8C17B9882300F26D43 /* MobileCoreServices.framework */; };
		AF033E8F17B9883000F26D43 /* CFNetwork.framework in Frameworks */ = {isa = PBXBuildFile; fileRef = AF033E8E17B9883000F26D43 /* CFNetwork.framework */; };
		AF033E9117B9884100F26D43 /* SystemConfiguration.framework in Frameworks */ = {isa = PBXBuildFile; fileRef = AF033E9017B9884100F26D43 /* SystemConfiguration.framework */; };
		AF033E9517B9887C00F26D43 /* libz.dylib in Frameworks */ = {isa = PBXBuildFile; fileRef = AF033E9417B9887C00F26D43 /* libz.dylib */; };
		AF38EC68178F50A000C1A44B /* UIKit.framework in Frameworks */ = {isa = PBXBuildFile; fileRef = AF38EC67178F50A000C1A44B /* UIKit.framework */; };
		AF38EC6A178F50A000C1A44B /* Foundation.framework in Frameworks */ = {isa = PBXBuildFile; fileRef = AF38EC69178F50A000C1A44B /* Foundation.framework */; };
		AF38EC6C178F50A000C1A44B /* CoreGraphics.framework in Frameworks */ = {isa = PBXBuildFile; fileRef = AF38EC6B178F50A000C1A44B /* CoreGraphics.framework */; };
		AF38EC72178F50A000C1A44B /* InfoPlist.strings in Resources */ = {isa = PBXBuildFile; fileRef = AF38EC70178F50A000C1A44B /* InfoPlist.strings */; };
		AF38EC74178F50A000C1A44B /* main.m in Sources */ = {isa = PBXBuildFile; fileRef = AF38EC73178F50A000C1A44B /* main.m */; };
		AF38EC78178F50A000C1A44B /* AppDelegate.m in Sources */ = {isa = PBXBuildFile; fileRef = AF38EC77178F50A000C1A44B /* AppDelegate.m */; };
		AF38EC7A178F50A000C1A44B /* Default.png in Resources */ = {isa = PBXBuildFile; fileRef = AF38EC79178F50A000C1A44B /* Default.png */; };
		AF38EC7C178F50A000C1A44B /* Default@2x.png in Resources */ = {isa = PBXBuildFile; fileRef = AF38EC7B178F50A000C1A44B /* Default@2x.png */; };
		AF38EC7E178F50A000C1A44B /* Default-568h@2x.png in Resources */ = {isa = PBXBuildFile; fileRef = AF38EC7D178F50A000C1A44B /* Default-568h@2x.png */; };
		AF38EC81178F50A000C1A44B /* MainStoryboard.storyboard in Resources */ = {isa = PBXBuildFile; fileRef = AF38EC7F178F50A000C1A44B /* MainStoryboard.storyboard */; };
		AF38EC84178F50A000C1A44B /* LoginViewController.m in Sources */ = {isa = PBXBuildFile; fileRef = AF38EC83178F50A000C1A44B /* LoginViewController.m */; };
/* End PBXBuildFile section */

/* Begin PBXFileReference section */
		AF033E0517B94F8C00F26D43 /* mt-clock.png */ = {isa = PBXFileReference; lastKnownFileType = image.png; path = "mt-clock.png"; sourceTree = "<group>"; };
		AF033E1D17B950D000F26D43 /* UIImage+Alpha.h */ = {isa = PBXFileReference; fileEncoding = 4; lastKnownFileType = sourcecode.c.h; path = "UIImage+Alpha.h"; sourceTree = "<group>"; };
		AF033E1E17B950D000F26D43 /* UIImage+Alpha.m */ = {isa = PBXFileReference; fileEncoding = 4; lastKnownFileType = sourcecode.c.objc; path = "UIImage+Alpha.m"; sourceTree = "<group>"; };
		AF033E1F17B950D000F26D43 /* UIImage+Resize.h */ = {isa = PBXFileReference; fileEncoding = 4; lastKnownFileType = sourcecode.c.h; path = "UIImage+Resize.h"; sourceTree = "<group>"; };
		AF033E2017B950D000F26D43 /* UIImage+Resize.m */ = {isa = PBXFileReference; fileEncoding = 4; lastKnownFileType = sourcecode.c.objc; path = "UIImage+Resize.m"; sourceTree = "<group>"; };
		AF033E2117B950D000F26D43 /* UIImage+RoundedCorner.h */ = {isa = PBXFileReference; fileEncoding = 4; lastKnownFileType = sourcecode.c.h; path = "UIImage+RoundedCorner.h"; sourceTree = "<group>"; };
		AF033E2217B950D000F26D43 /* UIImage+RoundedCorner.m */ = {isa = PBXFileReference; fileEncoding = 4; lastKnownFileType = sourcecode.c.objc; path = "UIImage+RoundedCorner.m"; sourceTree = "<group>"; };
		AF033E2317B950D000F26D43 /* JKCallbacksTableViewCell.h */ = {isa = PBXFileReference; fileEncoding = 4; lastKnownFileType = sourcecode.c.h; path = JKCallbacksTableViewCell.h; sourceTree = "<group>"; };
		AF033E2417B950D000F26D43 /* JKCallbacksTableViewCell.m */ = {isa = PBXFileReference; fileEncoding = 4; lastKnownFileType = sourcecode.c.objc; path = JKCallbacksTableViewCell.m; sourceTree = "<group>"; };
		AF033E2617B950D000F26D43 /* KeyboardToolbar.h */ = {isa = PBXFileReference; fileEncoding = 4; lastKnownFileType = sourcecode.c.h; path = KeyboardToolbar.h; sourceTree = "<group>"; };
		AF033E2717B950D000F26D43 /* KeyboardToolbar.m */ = {isa = PBXFileReference; fileEncoding = 4; lastKnownFileType = sourcecode.c.objc; path = KeyboardToolbar.m; sourceTree = "<group>"; };
		AF033E2917B950D000F26D43 /* CustomActivityIndicatorView.h */ = {isa = PBXFileReference; fileEncoding = 4; lastKnownFileType = sourcecode.c.h; path = CustomActivityIndicatorView.h; sourceTree = "<group>"; };
		AF033E2A17B950D000F26D43 /* CustomActivityIndicatorView.m */ = {isa = PBXFileReference; fileEncoding = 4; lastKnownFileType = sourcecode.c.objc; path = CustomActivityIndicatorView.m; sourceTree = "<group>"; };
		AF033E2B17B950D000F26D43 /* HZActivityIndicatorView.h */ = {isa = PBXFileReference; fileEncoding = 4; lastKnownFileType = sourcecode.c.h; path = HZActivityIndicatorView.h; sourceTree = "<group>"; };
		AF033E2C17B950D000F26D43 /* HZActivityIndicatorView.m */ = {isa = PBXFileReference; fileEncoding = 4; lastKnownFileType = sourcecode.c.objc; path = HZActivityIndicatorView.m; sourceTree = "<group>"; };
		AF033E2E17B950D000F26D43 /* ECSlidingViewController.h */ = {isa = PBXFileReference; fileEncoding = 4; lastKnownFileType = sourcecode.c.h; path = ECSlidingViewController.h; sourceTree = "<group>"; };
		AF033E2F17B950D000F26D43 /* ECSlidingViewController.m */ = {isa = PBXFileReference; fileEncoding = 4; lastKnownFileType = sourcecode.c.objc; path = ECSlidingViewController.m; sourceTree = "<group>"; };
		AF033E3017B950D000F26D43 /* InitialSlidingViewController.h */ = {isa = PBXFileReference; fileEncoding = 4; lastKnownFileType = sourcecode.c.h; path = InitialSlidingViewController.h; sourceTree = "<group>"; };
		AF033E3117B950D000F26D43 /* InitialSlidingViewController.m */ = {isa = PBXFileReference; fileEncoding = 4; lastKnownFileType = sourcecode.c.objc; path = InitialSlidingViewController.m; sourceTree = "<group>"; };
		AF033E3217B950D000F26D43 /* UIImage+ImageWithUIView.h */ = {isa = PBXFileReference; fileEncoding = 4; lastKnownFileType = sourcecode.c.h; path = "UIImage+ImageWithUIView.h"; sourceTree = "<group>"; };
		AF033E3317B950D000F26D43 /* UIImage+ImageWithUIView.m */ = {isa = PBXFileReference; fileEncoding = 4; lastKnownFileType = sourcecode.c.objc; path = "UIImage+ImageWithUIView.m"; sourceTree = "<group>"; };
		AF033E3517B950D000F26D43 /* PopUp.h */ = {isa = PBXFileReference; fileEncoding = 4; lastKnownFileType = sourcecode.c.h; path = PopUp.h; sourceTree = "<group>"; };
		AF033E3617B950D000F26D43 /* PopUp.m */ = {isa = PBXFileReference; fileEncoding = 4; lastKnownFileType = sourcecode.c.objc; path = PopUp.m; sourceTree = "<group>"; };
		AF033E3817B950D000F26D43 /* AccessorizedCalloutMapAnnotationView.h */ = {isa = PBXFileReference; fileEncoding = 4; lastKnownFileType = sourcecode.c.h; path = AccessorizedCalloutMapAnnotationView.h; sourceTree = "<group>"; };
		AF033E3917B950D000F26D43 /* AccessorizedCalloutMapAnnotationView.m */ = {isa = PBXFileReference; fileEncoding = 4; lastKnownFileType = sourcecode.c.objc; path = AccessorizedCalloutMapAnnotationView.m; sourceTree = "<group>"; };
		AF033E3A17B950D000F26D43 /* Annotation.h */ = {isa = PBXFileReference; fileEncoding = 4; lastKnownFileType = sourcecode.c.h; path = Annotation.h; sourceTree = "<group>"; };
		AF033E3B17B950D000F26D43 /* Annotation.m */ = {isa = PBXFileReference; fileEncoding = 4; lastKnownFileType = sourcecode.c.objc; path = Annotation.m; sourceTree = "<group>"; };
		AF033E3C17B950D000F26D43 /* AnnotationView.h */ = {isa = PBXFileReference; fileEncoding = 4; lastKnownFileType = sourcecode.c.h; path = AnnotationView.h; sourceTree = "<group>"; };
		AF033E3D17B950D000F26D43 /* AnnotationView.m */ = {isa = PBXFileReference; fileEncoding = 4; lastKnownFileType = sourcecode.c.objc; path = AnnotationView.m; sourceTree = "<group>"; };
		AF033E5717B952A500F26D43 /* MapKit.framework */ = {isa = PBXFileReference; lastKnownFileType = wrapper.framework; name = MapKit.framework; path = System/Library/Frameworks/MapKit.framework; sourceTree = SDKROOT; };
		AF033E5B17B954F300F26D43 /* mt-logo.png */ = {isa = PBXFileReference; lastKnownFileType = image.png; path = "mt-logo.png"; sourceTree = "<group>"; };
		AF033E5D17B960E400F26D43 /* AgendamentoViewController.h */ = {isa = PBXFileReference; fileEncoding = 4; lastKnownFileType = sourcecode.c.h; path = AgendamentoViewController.h; sourceTree = "<group>"; };
		AF033E5E17B960E500F26D43 /* AgendamentoViewController.m */ = {isa = PBXFileReference; fileEncoding = 4; lastKnownFileType = sourcecode.c.objc; path = AgendamentoViewController.m; sourceTree = "<group>"; };
		AF033E6017B9631900F26D43 /* ISO8601DateFormatter.h */ = {isa = PBXFileReference; fileEncoding = 4; lastKnownFileType = sourcecode.c.h; path = ISO8601DateFormatter.h; sourceTree = "<group>"; };
		AF033E6117B9631A00F26D43 /* ISO8601DateFormatter.m */ = {isa = PBXFileReference; fileEncoding = 4; lastKnownFileType = sourcecode.c.objc; path = ISO8601DateFormatter.m; sourceTree = "<group>"; };
		AF033E6217B9631B00F26D43 /* JSONKit.h */ = {isa = PBXFileReference; fileEncoding = 4; lastKnownFileType = sourcecode.c.h; path = JSONKit.h; sourceTree = "<group>"; };
		AF033E6317B9631C00F26D43 /* JSONKit.m */ = {isa = PBXFileReference; fileEncoding = 4; lastKnownFileType = sourcecode.c.objc; path = JSONKit.m; sourceTree = "<group>"; };
		AF033E6617B963E600F26D43 /* Icon.png */ = {isa = PBXFileReference; lastKnownFileType = image.png; path = Icon.png; sourceTree = "<group>"; };
		AF033E6717B963E700F26D43 /* Icon@2x.png */ = {isa = PBXFileReference; lastKnownFileType = image.png; path = "Icon@2x.png"; sourceTree = "<group>"; };
		AF033E6D17B9858C00F26D43 /* ASIAuthenticationDialog.h */ = {isa = PBXFileReference; fileEncoding = 4; lastKnownFileType = sourcecode.c.h; path = ASIAuthenticationDialog.h; sourceTree = "<group>"; };
		AF033E6E17B9858C00F26D43 /* ASIAuthenticationDialog.m */ = {isa = PBXFileReference; fileEncoding = 4; lastKnownFileType = sourcecode.c.objc; path = ASIAuthenticationDialog.m; sourceTree = "<group>"; };
		AF033E6F17B9858C00F26D43 /* ASICacheDelegate.h */ = {isa = PBXFileReference; fileEncoding = 4; lastKnownFileType = sourcecode.c.h; path = ASICacheDelegate.h; sourceTree = "<group>"; };
		AF033E7017B9858C00F26D43 /* ASIDataCompressor.h */ = {isa = PBXFileReference; fileEncoding = 4; lastKnownFileType = sourcecode.c.h; path = ASIDataCompressor.h; sourceTree = "<group>"; };
		AF033E7117B9858C00F26D43 /* ASIDataCompressor.m */ = {isa = PBXFileReference; fileEncoding = 4; lastKnownFileType = sourcecode.c.objc; path = ASIDataCompressor.m; sourceTree = "<group>"; };
		AF033E7217B9858C00F26D43 /* ASIDataDecompressor.h */ = {isa = PBXFileReference; fileEncoding = 4; lastKnownFileType = sourcecode.c.h; path = ASIDataDecompressor.h; sourceTree = "<group>"; };
		AF033E7317B9858C00F26D43 /* ASIDataDecompressor.m */ = {isa = PBXFileReference; fileEncoding = 4; lastKnownFileType = sourcecode.c.objc; path = ASIDataDecompressor.m; sourceTree = "<group>"; };
		AF033E7417B9858C00F26D43 /* ASIDownloadCache.h */ = {isa = PBXFileReference; fileEncoding = 4; lastKnownFileType = sourcecode.c.h; path = ASIDownloadCache.h; sourceTree = "<group>"; };
		AF033E7517B9858C00F26D43 /* ASIDownloadCache.m */ = {isa = PBXFileReference; fileEncoding = 4; lastKnownFileType = sourcecode.c.objc; path = ASIDownloadCache.m; sourceTree = "<group>"; };
		AF033E7617B9858C00F26D43 /* ASIFormDataRequest.h */ = {isa = PBXFileReference; fileEncoding = 4; lastKnownFileType = sourcecode.c.h; path = ASIFormDataRequest.h; sourceTree = "<group>"; };
		AF033E7717B9858C00F26D43 /* ASIFormDataRequest.m */ = {isa = PBXFileReference; fileEncoding = 4; lastKnownFileType = sourcecode.c.objc; path = ASIFormDataRequest.m; sourceTree = "<group>"; };
		AF033E7817B9858C00F26D43 /* ASIHTTPRequest.h */ = {isa = PBXFileReference; fileEncoding = 4; lastKnownFileType = sourcecode.c.h; path = ASIHTTPRequest.h; sourceTree = "<group>"; };
		AF033E7917B9858C00F26D43 /* ASIHTTPRequest.m */ = {isa = PBXFileReference; fileEncoding = 4; lastKnownFileType = sourcecode.c.objc; path = ASIHTTPRequest.m; sourceTree = "<group>"; };
		AF033E7A17B9858C00F26D43 /* ASIHTTPRequestConfig.h */ = {isa = PBXFileReference; fileEncoding = 4; lastKnownFileType = sourcecode.c.h; path = ASIHTTPRequestConfig.h; sourceTree = "<group>"; };
		AF033E7B17B9858C00F26D43 /* ASIHTTPRequestDelegate.h */ = {isa = PBXFileReference; fileEncoding = 4; lastKnownFileType = sourcecode.c.h; path = ASIHTTPRequestDelegate.h; sourceTree = "<group>"; };
		AF033E7C17B9858C00F26D43 /* ASIInputStream.h */ = {isa = PBXFileReference; fileEncoding = 4; lastKnownFileType = sourcecode.c.h; path = ASIInputStream.h; sourceTree = "<group>"; };
		AF033E7D17B9858C00F26D43 /* ASIInputStream.m */ = {isa = PBXFileReference; fileEncoding = 4; lastKnownFileType = sourcecode.c.objc; path = ASIInputStream.m; sourceTree = "<group>"; };
		AF033E7E17B9858C00F26D43 /* ASINetworkQueue.h */ = {isa = PBXFileReference; fileEncoding = 4; lastKnownFileType = sourcecode.c.h; path = ASINetworkQueue.h; sourceTree = "<group>"; };
		AF033E7F17B9858C00F26D43 /* ASINetworkQueue.m */ = {isa = PBXFileReference; fileEncoding = 4; lastKnownFileType = sourcecode.c.objc; path = ASINetworkQueue.m; sourceTree = "<group>"; };
		AF033E8017B9858C00F26D43 /* ASIProgressDelegate.h */ = {isa = PBXFileReference; fileEncoding = 4; lastKnownFileType = sourcecode.c.h; path = ASIProgressDelegate.h; sourceTree = "<group>"; };
		AF033E8117B9858C00F26D43 /* Reachability.h */ = {isa = PBXFileReference; fileEncoding = 4; lastKnownFileType = sourcecode.c.h; path = Reachability.h; sourceTree = "<group>"; };
		AF033E8217B9858C00F26D43 /* Reachability.m */ = {isa = PBXFileReference; fileEncoding = 4; lastKnownFileType = sourcecode.c.objc; path = Reachability.m; sourceTree = "<group>"; };
		AF033E8C17B9882300F26D43 /* MobileCoreServices.framework */ = {isa = PBXFileReference; lastKnownFileType = wrapper.framework; name = MobileCoreServices.framework; path = System/Library/Frameworks/MobileCoreServices.framework; sourceTree = SDKROOT; };
		AF033E8E17B9883000F26D43 /* CFNetwork.framework */ = {isa = PBXFileReference; lastKnownFileType = wrapper.framework; name = CFNetwork.framework; path = System/Library/Frameworks/CFNetwork.framework; sourceTree = SDKROOT; };
		AF033E9017B9884100F26D43 /* SystemConfiguration.framework */ = {isa = PBXFileReference; lastKnownFileType = wrapper.framework; name = SystemConfiguration.framework; path = System/Library/Frameworks/SystemConfiguration.framework; sourceTree = SDKROOT; };
		AF033E9217B9885500F26D43 /* CoreData.framework */ = {isa = PBXFileReference; lastKnownFileType = wrapper.framework; name = CoreData.framework; path = System/Library/Frameworks/CoreData.framework; sourceTree = SDKROOT; };
		AF033E9417B9887C00F26D43 /* libz.dylib */ = {isa = PBXFileReference; lastKnownFileType = "compiled.mach-o.dylib"; name = libz.dylib; path = usr/lib/libz.dylib; sourceTree = SDKROOT; };
		AF38EC64178F50A000C1A44B /* MyTimer.app */ = {isa = PBXFileReference; explicitFileType = wrapper.application; includeInIndex = 0; path = MyTimer.app; sourceTree = BUILT_PRODUCTS_DIR; };
		AF38EC67178F50A000C1A44B /* UIKit.framework */ = {isa = PBXFileReference; lastKnownFileType = wrapper.framework; name = UIKit.framework; path = System/Library/Frameworks/UIKit.framework; sourceTree = SDKROOT; };
		AF38EC69178F50A000C1A44B /* Foundation.framework */ = {isa = PBXFileReference; lastKnownFileType = wrapper.framework; name = Foundation.framework; path = System/Library/Frameworks/Foundation.framework; sourceTree = SDKROOT; };
		AF38EC6B178F50A000C1A44B /* CoreGraphics.framework */ = {isa = PBXFileReference; lastKnownFileType = wrapper.framework; name = CoreGraphics.framework; path = System/Library/Frameworks/CoreGraphics.framework; sourceTree = SDKROOT; };
		AF38EC6F178F50A000C1A44B /* MyTimer-Info.plist */ = {isa = PBXFileReference; lastKnownFileType = text.plist.xml; path = "MyTimer-Info.plist"; sourceTree = "<group>"; };
		AF38EC71178F50A000C1A44B /* en */ = {isa = PBXFileReference; lastKnownFileType = text.plist.strings; name = en; path = en.lproj/InfoPlist.strings; sourceTree = "<group>"; };
		AF38EC73178F50A000C1A44B /* main.m */ = {isa = PBXFileReference; lastKnownFileType = sourcecode.c.objc; path = main.m; sourceTree = "<group>"; };
		AF38EC75178F50A000C1A44B /* MyTimer-Prefix.pch */ = {isa = PBXFileReference; lastKnownFileType = sourcecode.c.h; path = "MyTimer-Prefix.pch"; sourceTree = "<group>"; };
		AF38EC76178F50A000C1A44B /* AppDelegate.h */ = {isa = PBXFileReference; lastKnownFileType = sourcecode.c.h; path = AppDelegate.h; sourceTree = "<group>"; };
		AF38EC77178F50A000C1A44B /* AppDelegate.m */ = {isa = PBXFileReference; lastKnownFileType = sourcecode.c.objc; path = AppDelegate.m; sourceTree = "<group>"; };
		AF38EC79178F50A000C1A44B /* Default.png */ = {isa = PBXFileReference; lastKnownFileType = image.png; path = Default.png; sourceTree = "<group>"; };
		AF38EC7B178F50A000C1A44B /* Default@2x.png */ = {isa = PBXFileReference; lastKnownFileType = image.png; path = "Default@2x.png"; sourceTree = "<group>"; };
		AF38EC7D178F50A000C1A44B /* Default-568h@2x.png */ = {isa = PBXFileReference; lastKnownFileType = image.png; path = "Default-568h@2x.png"; sourceTree = "<group>"; };
		AF38EC80178F50A000C1A44B /* en */ = {isa = PBXFileReference; lastKnownFileType = file.storyboard; name = en; path = en.lproj/MainStoryboard.storyboard; sourceTree = "<group>"; };
		AF38EC82178F50A000C1A44B /* LoginViewController.h */ = {isa = PBXFileReference; lastKnownFileType = sourcecode.c.h; path = LoginViewController.h; sourceTree = "<group>"; };
		AF38EC83178F50A000C1A44B /* LoginViewController.m */ = {isa = PBXFileReference; lastKnownFileType = sourcecode.c.objc; path = LoginViewController.m; sourceTree = "<group>"; };
/* End PBXFileReference section */

/* Begin PBXFrameworksBuildPhase section */
		AF38EC61178F50A000C1A44B /* Frameworks */ = {
			isa = PBXFrameworksBuildPhase;
			buildActionMask = 2147483647;
			files = (
				AF033E9517B9887C00F26D43 /* libz.dylib in Frameworks */,
				AF033E9117B9884100F26D43 /* SystemConfiguration.framework in Frameworks */,
				AF033E8F17B9883000F26D43 /* CFNetwork.framework in Frameworks */,
				AF033E8D17B9882300F26D43 /* MobileCoreServices.framework in Frameworks */,
				AF033E5817B952A600F26D43 /* MapKit.framework in Frameworks */,
				AF38EC68178F50A000C1A44B /* UIKit.framework in Frameworks */,
				AF38EC6A178F50A000C1A44B /* Foundation.framework in Frameworks */,
				AF38EC6C178F50A000C1A44B /* CoreGraphics.framework in Frameworks */,
			);
			runOnlyForDeploymentPostprocessing = 0;
		};
/* End PBXFrameworksBuildPhase section */

/* Begin PBXGroup section */
		AF033E0417B94F8C00F26D43 /* Imagens */ = {
			isa = PBXGroup;
			children = (
				AF033E5B17B954F300F26D43 /* mt-logo.png */,
				AF033E0517B94F8C00F26D43 /* mt-clock.png */,
			);
			path = Imagens;
			sourceTree = "<group>";
		};
		AF033E0B17B950D000F26D43 /* Componentes */ = {
			isa = PBXGroup;
			children = (
				AF033E6C17B9858A00F26D43 /* Request */,
				AF033E6017B9631900F26D43 /* ISO8601DateFormatter.h */,
				AF033E6117B9631A00F26D43 /* ISO8601DateFormatter.m */,
				AF033E6217B9631B00F26D43 /* JSONKit.h */,
				AF033E6317B9631C00F26D43 /* JSONKit.m */,
				AF033E1B17B950D000F26D43 /* JKTableViewCell */,
				AF033E2517B950D000F26D43 /* KeyboardToolbar */,
				AF033E2817B950D000F26D43 /* Loading */,
				AF033E2D17B950D000F26D43 /* MenuECSliding */,
				AF033E3417B950D000F26D43 /* PopUp */,
				AF033E3717B950D000F26D43 /* ToolTipMapa */,
			);
			path = Componentes;
			sourceTree = "<group>";
		};
		AF033E1B17B950D000F26D43 /* JKTableViewCell */ = {
			isa = PBXGroup;
			children = (
				AF033E1C17B950D000F26D43 /* Categories */,
				AF033E2317B950D000F26D43 /* JKCallbacksTableViewCell.h */,
				AF033E2417B950D000F26D43 /* JKCallbacksTableViewCell.m */,
			);
			path = JKTableViewCell;
			sourceTree = "<group>";
		};
		AF033E1C17B950D000F26D43 /* Categories */ = {
			isa = PBXGroup;
			children = (
				AF033E1D17B950D000F26D43 /* UIImage+Alpha.h */,
				AF033E1E17B950D000F26D43 /* UIImage+Alpha.m */,
				AF033E1F17B950D000F26D43 /* UIImage+Resize.h */,
				AF033E2017B950D000F26D43 /* UIImage+Resize.m */,
				AF033E2117B950D000F26D43 /* UIImage+RoundedCorner.h */,
				AF033E2217B950D000F26D43 /* UIImage+RoundedCorner.m */,
			);
			path = Categories;
			sourceTree = "<group>";
		};
		AF033E2517B950D000F26D43 /* KeyboardToolbar */ = {
			isa = PBXGroup;
			children = (
				AF033E2617B950D000F26D43 /* KeyboardToolbar.h */,
				AF033E2717B950D000F26D43 /* KeyboardToolbar.m */,
			);
			path = KeyboardToolbar;
			sourceTree = "<group>";
		};
		AF033E2817B950D000F26D43 /* Loading */ = {
			isa = PBXGroup;
			children = (
				AF033E2917B950D000F26D43 /* CustomActivityIndicatorView.h */,
				AF033E2A17B950D000F26D43 /* CustomActivityIndicatorView.m */,
				AF033E2B17B950D000F26D43 /* HZActivityIndicatorView.h */,
				AF033E2C17B950D000F26D43 /* HZActivityIndicatorView.m */,
			);
			path = Loading;
			sourceTree = "<group>";
		};
		AF033E2D17B950D000F26D43 /* MenuECSliding */ = {
			isa = PBXGroup;
			children = (
				AF033E2E17B950D000F26D43 /* ECSlidingViewController.h */,
				AF033E2F17B950D000F26D43 /* ECSlidingViewController.m */,
				AF033E3017B950D000F26D43 /* InitialSlidingViewController.h */,
				AF033E3117B950D000F26D43 /* InitialSlidingViewController.m */,
				AF033E3217B950D000F26D43 /* UIImage+ImageWithUIView.h */,
				AF033E3317B950D000F26D43 /* UIImage+ImageWithUIView.m */,
			);
			path = MenuECSliding;
			sourceTree = "<group>";
		};
		AF033E3417B950D000F26D43 /* PopUp */ = {
			isa = PBXGroup;
			children = (
				AF033E3517B950D000F26D43 /* PopUp.h */,
				AF033E3617B950D000F26D43 /* PopUp.m */,
			);
			path = PopUp;
			sourceTree = "<group>";
		};
		AF033E3717B950D000F26D43 /* ToolTipMapa */ = {
			isa = PBXGroup;
			children = (
				AF033E3817B950D000F26D43 /* AccessorizedCalloutMapAnnotationView.h */,
				AF033E3917B950D000F26D43 /* AccessorizedCalloutMapAnnotationView.m */,
				AF033E3A17B950D000F26D43 /* Annotation.h */,
				AF033E3B17B950D000F26D43 /* Annotation.m */,
				AF033E3C17B950D000F26D43 /* AnnotationView.h */,
				AF033E3D17B950D000F26D43 /* AnnotationView.m */,
			);
			path = ToolTipMapa;
			sourceTree = "<group>";
		};
		AF033E6C17B9858A00F26D43 /* Request */ = {
			isa = PBXGroup;
			children = (
				AF033E6D17B9858C00F26D43 /* ASIAuthenticationDialog.h */,
				AF033E6E17B9858C00F26D43 /* ASIAuthenticationDialog.m */,
				AF033E6F17B9858C00F26D43 /* ASICacheDelegate.h */,
				AF033E7017B9858C00F26D43 /* ASIDataCompressor.h */,
				AF033E7117B9858C00F26D43 /* ASIDataCompressor.m */,
				AF033E7217B9858C00F26D43 /* ASIDataDecompressor.h */,
				AF033E7317B9858C00F26D43 /* ASIDataDecompressor.m */,
				AF033E7417B9858C00F26D43 /* ASIDownloadCache.h */,
				AF033E7517B9858C00F26D43 /* ASIDownloadCache.m */,
				AF033E7617B9858C00F26D43 /* ASIFormDataRequest.h */,
				AF033E7717B9858C00F26D43 /* ASIFormDataRequest.m */,
				AF033E7817B9858C00F26D43 /* ASIHTTPRequest.h */,
				AF033E7917B9858C00F26D43 /* ASIHTTPRequest.m */,
				AF033E7A17B9858C00F26D43 /* ASIHTTPRequestConfig.h */,
				AF033E7B17B9858C00F26D43 /* ASIHTTPRequestDelegate.h */,
				AF033E7C17B9858C00F26D43 /* ASIInputStream.h */,
				AF033E7D17B9858C00F26D43 /* ASIInputStream.m */,
				AF033E7E17B9858C00F26D43 /* ASINetworkQueue.h */,
				AF033E7F17B9858C00F26D43 /* ASINetworkQueue.m */,
				AF033E8017B9858C00F26D43 /* ASIProgressDelegate.h */,
				AF033E8117B9858C00F26D43 /* Reachability.h */,
				AF033E8217B9858C00F26D43 /* Reachability.m */,
			);
			path = Request;
			sourceTree = "<group>";
		};
		AF38EC5B178F50A000C1A44B = {
			isa = PBXGroup;
			children = (
				AF033E9417B9887C00F26D43 /* libz.dylib */,
				AF033E9217B9885500F26D43 /* CoreData.framework */,
				AF033E9017B9884100F26D43 /* SystemConfiguration.framework */,
				AF033E8E17B9883000F26D43 /* CFNetwork.framework */,
				AF033E8C17B9882300F26D43 /* MobileCoreServices.framework */,
				AF033E6617B963E600F26D43 /* Icon.png */,
				AF033E6717B963E700F26D43 /* Icon@2x.png */,
				AF38EC6D178F50A000C1A44B /* MyTimer */,
				AF38EC66178F50A000C1A44B /* Frameworks */,
				AF38EC65178F50A000C1A44B /* Products */,
			);
			sourceTree = "<group>";
		};
		AF38EC65178F50A000C1A44B /* Products */ = {
			isa = PBXGroup;
			children = (
				AF38EC64178F50A000C1A44B /* MyTimer.app */,
			);
			name = Products;
			sourceTree = "<group>";
		};
		AF38EC66178F50A000C1A44B /* Frameworks */ = {
			isa = PBXGroup;
			children = (
				AF033E5717B952A500F26D43 /* MapKit.framework */,
				AF38EC67178F50A000C1A44B /* UIKit.framework */,
				AF38EC69178F50A000C1A44B /* Foundation.framework */,
				AF38EC6B178F50A000C1A44B /* CoreGraphics.framework */,
			);
			name = Frameworks;
			sourceTree = "<group>";
		};
		AF38EC6D178F50A000C1A44B /* MyTimer */ = {
			isa = PBXGroup;
			children = (
				AF38EC76178F50A000C1A44B /* AppDelegate.h */,
				AF38EC77178F50A000C1A44B /* AppDelegate.m */,
				AF38EC7F178F50A000C1A44B /* MainStoryboard.storyboard */,
				AF38EC82178F50A000C1A44B /* LoginViewController.h */,
				AF38EC83178F50A000C1A44B /* LoginViewController.m */,
				AF033E0B17B950D000F26D43 /* Componentes */,
				AF033E0417B94F8C00F26D43 /* Imagens */,
				AF38EC6E178F50A000C1A44B /* Supporting Files */,
				AF033E5D17B960E400F26D43 /* AgendamentoViewController.h */,
				AF033E5E17B960E500F26D43 /* AgendamentoViewController.m */,
			);
			path = MyTimer;
			sourceTree = "<group>";
		};
		AF38EC6E178F50A000C1A44B /* Supporting Files */ = {
			isa = PBXGroup;
			children = (
				AF38EC6F178F50A000C1A44B /* MyTimer-Info.plist */,
				AF38EC70178F50A000C1A44B /* InfoPlist.strings */,
				AF38EC73178F50A000C1A44B /* main.m */,
				AF38EC75178F50A000C1A44B /* MyTimer-Prefix.pch */,
				AF38EC79178F50A000C1A44B /* Default.png */,
				AF38EC7B178F50A000C1A44B /* Default@2x.png */,
				AF38EC7D178F50A000C1A44B /* Default-568h@2x.png */,
			);
			name = "Supporting Files";
			sourceTree = "<group>";
		};
/* End PBXGroup section */

/* Begin PBXNativeTarget section */
		AF38EC63178F50A000C1A44B /* MyTimer */ = {
			isa = PBXNativeTarget;
			buildConfigurationList = AF38EC87178F50A000C1A44B /* Build configuration list for PBXNativeTarget "MyTimer" */;
			buildPhases = (
				AF38EC60178F50A000C1A44B /* Sources */,
				AF38EC61178F50A000C1A44B /* Frameworks */,
				AF38EC62178F50A000C1A44B /* Resources */,
			);
			buildRules = (
			);
			dependencies = (
			);
			name = MyTimer;
			productName = MyTimer;
			productReference = AF38EC64178F50A000C1A44B /* MyTimer.app */;
			productType = "com.apple.product-type.application";
		};
/* End PBXNativeTarget section */

/* Begin PBXProject section */
		AF38EC5C178F50A000C1A44B /* Project object */ = {
			isa = PBXProject;
			attributes = {
				LastUpgradeCheck = 0460;
				ORGANIZATIONNAME = Fenix;
			};
			buildConfigurationList = AF38EC5F178F50A000C1A44B /* Build configuration list for PBXProject "MyTimer" */;
			compatibilityVersion = "Xcode 3.2";
			developmentRegion = English;
			hasScannedForEncodings = 0;
			knownRegions = (
				en,
			);
			mainGroup = AF38EC5B178F50A000C1A44B;
			productRefGroup = AF38EC65178F50A000C1A44B /* Products */;
			projectDirPath = "";
			projectRoot = "";
			targets = (
				AF38EC63178F50A000C1A44B /* MyTimer */,
			);
		};
/* End PBXProject section */

/* Begin PBXResourcesBuildPhase section */
		AF38EC62178F50A000C1A44B /* Resources */ = {
			isa = PBXResourcesBuildPhase;
			buildActionMask = 2147483647;
			files = (
				AF38EC72178F50A000C1A44B /* InfoPlist.strings in Resources */,
				AF38EC7A178F50A000C1A44B /* Default.png in Resources */,
				AF38EC7C178F50A000C1A44B /* Default@2x.png in Resources */,
				AF38EC7E178F50A000C1A44B /* Default-568h@2x.png in Resources */,
				AF38EC81178F50A000C1A44B /* MainStoryboard.storyboard in Resources */,
				AF033E0617B94F8C00F26D43 /* mt-clock.png in Resources */,
				AF033E5C17B954F300F26D43 /* mt-logo.png in Resources */,
				AF033E6817B963E700F26D43 /* Icon.png in Resources */,
				AF033E6917B963E700F26D43 /* Icon@2x.png in Resources */,
			);
			runOnlyForDeploymentPostprocessing = 0;
		};
/* End PBXResourcesBuildPhase section */

/* Begin PBXSourcesBuildPhase section */
		AF38EC60178F50A000C1A44B /* Sources */ = {
			isa = PBXSourcesBuildPhase;
			buildActionMask = 2147483647;
			files = (
				AF38EC74178F50A000C1A44B /* main.m in Sources */,
				AF38EC78178F50A000C1A44B /* AppDelegate.m in Sources */,
				AF38EC84178F50A000C1A44B /* LoginViewController.m in Sources */,
				AF033E4517B950D000F26D43 /* UIImage+Alpha.m in Sources */,
				AF033E4617B950D000F26D43 /* UIImage+Resize.m in Sources */,
				AF033E4717B950D000F26D43 /* UIImage+RoundedCorner.m in Sources */,
				AF033E4817B950D000F26D43 /* JKCallbacksTableViewCell.m in Sources */,
				AF033E4917B950D000F26D43 /* KeyboardToolbar.m in Sources */,
				AF033E4A17B950D000F26D43 /* CustomActivityIndicatorView.m in Sources */,
				AF033E4B17B950D000F26D43 /* HZActivityIndicatorView.m in Sources */,
				AF033E4C17B950D000F26D43 /* ECSlidingViewController.m in Sources */,
				AF033E4D17B950D000F26D43 /* InitialSlidingViewController.m in Sources */,
				AF033E4E17B950D000F26D43 /* UIImage+ImageWithUIView.m in Sources */,
				AF033E4F17B950D000F26D43 /* PopUp.m in Sources */,
				AF033E5017B950D000F26D43 /* AccessorizedCalloutMapAnnotationView.m in Sources */,
				AF033E5117B950D000F26D43 /* Annotation.m in Sources */,
				AF033E5217B950D000F26D43 /* AnnotationView.m in Sources */,
				AF033E5F17B960E600F26D43 /* AgendamentoViewController.m in Sources */,
				AF033E6417B9631D00F26D43 /* ISO8601DateFormatter.m in Sources */,
				AF033E6517B9631D00F26D43 /* JSONKit.m in Sources */,
				AF033E8317B9858C00F26D43 /* ASIAuthenticationDialog.m in Sources */,
				AF033E8417B9858C00F26D43 /* ASIDataCompressor.m in Sources */,
				AF033E8517B9858C00F26D43 /* ASIDataDecompressor.m in Sources */,
				AF033E8617B9858C00F26D43 /* ASIDownloadCache.m in Sources */,
				AF033E8717B9858C00F26D43 /* ASIFormDataRequest.m in Sources */,
				AF033E8817B9858C00F26D43 /* ASIHTTPRequest.m in Sources */,
				AF033E8917B9858C00F26D43 /* ASIInputStream.m in Sources */,
				AF033E8A17B9858C00F26D43 /* ASINetworkQueue.m in Sources */,
				AF033E8B17B9858C00F26D43 /* Reachability.m in Sources */,
			);
			runOnlyForDeploymentPostprocessing = 0;
		};
/* End PBXSourcesBuildPhase section */

/* Begin PBXVariantGroup section */
		AF38EC70178F50A000C1A44B /* InfoPlist.strings */ = {
			isa = PBXVariantGroup;
			children = (
				AF38EC71178F50A000C1A44B /* en */,
			);
			name = InfoPlist.strings;
			sourceTree = "<group>";
		};
		AF38EC7F178F50A000C1A44B /* MainStoryboard.storyboard */ = {
			isa = PBXVariantGroup;
			children = (
				AF38EC80178F50A000C1A44B /* en */,
			);
			name = MainStoryboard.storyboard;
			sourceTree = "<group>";
		};
/* End PBXVariantGroup section */

/* Begin XCBuildConfiguration section */
		AF38EC85178F50A000C1A44B /* Debug */ = {
			isa = XCBuildConfiguration;
			buildSettings = {
				ALWAYS_SEARCH_USER_PATHS = NO;
				CLANG_CXX_LANGUAGE_STANDARD = "gnu++0x";
				CLANG_CXX_LIBRARY = "libc++";
				CLANG_WARN_CONSTANT_CONVERSION = YES;
				CLANG_WARN_EMPTY_BODY = YES;
				CLANG_WARN_ENUM_CONVERSION = YES;
				CLANG_WARN_INT_CONVERSION = YES;
				CLANG_WARN__DUPLICATE_METHOD_MATCH = YES;
				"CODE_SIGN_IDENTITY[sdk=iphoneos*]" = "iPhone Developer";
				COPY_PHASE_STRIP = NO;
				GCC_C_LANGUAGE_STANDARD = gnu99;
				GCC_DYNAMIC_NO_PIC = NO;
				GCC_OPTIMIZATION_LEVEL = 0;
				GCC_PREPROCESSOR_DEFINITIONS = (
					"DEBUG=1",
					"$(inherited)",
				);
				GCC_SYMBOLS_PRIVATE_EXTERN = NO;
				GCC_WARN_ABOUT_RETURN_TYPE = YES;
				GCC_WARN_UNINITIALIZED_AUTOS = YES;
				GCC_WARN_UNUSED_VARIABLE = YES;
				IPHONEOS_DEPLOYMENT_TARGET = 6.1;
				ONLY_ACTIVE_ARCH = YES;
				SDKROOT = iphoneos;
			};
			name = Debug;
		};
		AF38EC86178F50A000C1A44B /* Release */ = {
			isa = XCBuildConfiguration;
			buildSettings = {
				ALWAYS_SEARCH_USER_PATHS = NO;
				CLANG_CXX_LANGUAGE_STANDARD = "gnu++0x";
				CLANG_CXX_LIBRARY = "libc++";
				CLANG_WARN_CONSTANT_CONVERSION = YES;
				CLANG_WARN_EMPTY_BODY = YES;
				CLANG_WARN_ENUM_CONVERSION = YES;
				CLANG_WARN_INT_CONVERSION = YES;
				CLANG_WARN__DUPLICATE_METHOD_MATCH = YES;
				"CODE_SIGN_IDENTITY[sdk=iphoneos*]" = "iPhone Developer";
				COPY_PHASE_STRIP = YES;
				GCC_C_LANGUAGE_STANDARD = gnu99;
				GCC_WARN_ABOUT_RETURN_TYPE = YES;
				GCC_WARN_UNINITIALIZED_AUTOS = YES;
				GCC_WARN_UNUSED_VARIABLE = YES;
				IPHONEOS_DEPLOYMENT_TARGET = 6.1;
				OTHER_CFLAGS = "-DNS_BLOCK_ASSERTIONS=1";
				SDKROOT = iphoneos;
				VALIDATE_PRODUCT = YES;
			};
			name = Release;
		};
		AF38EC88178F50A000C1A44B /* Debug */ = {
			isa = XCBuildConfiguration;
			buildSettings = {
				GCC_PRECOMPILE_PREFIX_HEADER = YES;
				GCC_PREFIX_HEADER = "MyTimer/MyTimer-Prefix.pch";
				INFOPLIST_FILE = "MyTimer/MyTimer-Info.plist";
				PRODUCT_NAME = "$(TARGET_NAME)";
				WRAPPER_EXTENSION = app;
			};
			name = Debug;
		};
		AF38EC89178F50A000C1A44B /* Release */ = {
			isa = XCBuildConfiguration;
			buildSettings = {
				GCC_PRECOMPILE_PREFIX_HEADER = YES;
				GCC_PREFIX_HEADER = "MyTimer/MyTimer-Prefix.pch";
				INFOPLIST_FILE = "MyTimer/MyTimer-Info.plist";
				PRODUCT_NAME = "$(TARGET_NAME)";
				WRAPPER_EXTENSION = app;
			};
			name = Release;
		};
/* End XCBuildConfiguration section */

/* Begin XCConfigurationList section */
		AF38EC5F178F50A000C1A44B /* Build configuration list for PBXProject "MyTimer" */ = {
			isa = XCConfigurationList;
			buildConfigurations = (
				AF38EC85178F50A000C1A44B /* Debug */,
				AF38EC86178F50A000C1A44B /* Release */,
			);
			defaultConfigurationIsVisible = 0;
			defaultConfigurationName = Release;
		};
		AF38EC87178F50A000C1A44B /* Build configuration list for PBXNativeTarget "MyTimer" */ = {
			isa = XCConfigurationList;
			buildConfigurations = (
				AF38EC88178F50A000C1A44B /* Debug */,
				AF38EC89178F50A000C1A44B /* Release */,
			);
			defaultConfigurationIsVisible = 0;
			defaultConfigurationName = Release;
		};
/* End XCConfigurationList section */
	};
	rootObject = AF38EC5C178F50A000C1A44B /* Project object */;
}
